// !$*UTF8*$!
{
	archiveVersion = 1;
	classes = {
	};
	objectVersion = 46;
	objects = {

/* Begin PBXBuildFile section */
		C9D8DC971ACED9BE00A448F6 /* ApartmentWithWeakRef.swift in Sources */ = {isa = PBXBuildFile; fileRef = C9D8DC961ACED9BE00A448F6 /* ApartmentWithWeakRef.swift */; };
		C9D8DC991AD02C8800A448F6 /* ARCExamples.swift in Sources */ = {isa = PBXBuildFile; fileRef = C9D8DC981AD02C8800A448F6 /* ARCExamples.swift */; };
		C9D8DC9B1AD031DF00A448F6 /* Thing.swift in Sources */ = {isa = PBXBuildFile; fileRef = C9D8DC9A1AD031DF00A448F6 /* Thing.swift */; };
		C9E1163B1ACDD52800F8024C /* AppDelegate.swift in Sources */ = {isa = PBXBuildFile; fileRef = C9E1163A1ACDD52800F8024C /* AppDelegate.swift */; };
		C9E1163D1ACDD52800F8024C /* ViewController.swift in Sources */ = {isa = PBXBuildFile; fileRef = C9E1163C1ACDD52800F8024C /* ViewController.swift */; };
		C9E116401ACDD52800F8024C /* Main.storyboard in Resources */ = {isa = PBXBuildFile; fileRef = C9E1163E1ACDD52800F8024C /* Main.storyboard */; };
		C9E116421ACDD52800F8024C /* Images.xcassets in Resources */ = {isa = PBXBuildFile; fileRef = C9E116411ACDD52800F8024C /* Images.xcassets */; };
		C9E116451ACDD52800F8024C /* LaunchScreen.xib in Resources */ = {isa = PBXBuildFile; fileRef = C9E116431ACDD52800F8024C /* LaunchScreen.xib */; };
		C9E116511ACDD52800F8024C /* Class2ArcExamplesTests.swift in Sources */ = {isa = PBXBuildFile; fileRef = C9E116501ACDD52800F8024C /* Class2ArcExamplesTests.swift */; };
		C9E1165D1ACDE3AD00F8024C /* PersonWithStrongRef.swift in Sources */ = {isa = PBXBuildFile; fileRef = C9E1165C1ACDE3AD00F8024C /* PersonWithStrongRef.swift */; };
		C9E1165F1ACDE3BE00F8024C /* ApartmentWithStrongRef.swift in Sources */ = {isa = PBXBuildFile; fileRef = C9E1165E1ACDE3BE00F8024C /* ApartmentWithStrongRef.swift */; };
		C9E116631ACDE9D200F8024C /* UnowedCreditCard.swift in Sources */ = {isa = PBXBuildFile; fileRef = C9E116621ACDE9D200F8024C /* UnowedCreditCard.swift */; };
/* End PBXBuildFile section */

/* Begin PBXContainerItemProxy section */
		C9E1164B1ACDD52800F8024C /* PBXContainerItemProxy */ = {
			isa = PBXContainerItemProxy;
			containerPortal = C9E1162D1ACDD52800F8024C /* Project object */;
			proxyType = 1;
			remoteGlobalIDString = C9E116341ACDD52800F8024C;
			remoteInfo = Class2ArcExamples;
		};
/* End PBXContainerItemProxy section */

/* Begin PBXFileReference section */
		C9D8DC961ACED9BE00A448F6 /* ApartmentWithWeakRef.swift */ = {isa = PBXFileReference; fileEncoding = 4; lastKnownFileType = sourcecode.swift; path = ApartmentWithWeakRef.swift; sourceTree = "<group>"; };
		C9D8DC981AD02C8800A448F6 /* ARCExamples.swift */ = {isa = PBXFileReference; fileEncoding = 4; lastKnownFileType = sourcecode.swift; path = ARCExamples.swift; sourceTree = "<group>"; };
		C9D8DC9A1AD031DF00A448F6 /* Thing.swift */ = {isa = PBXFileReference; fileEncoding = 4; lastKnownFileType = sourcecode.swift; path = Thing.swift; sourceTree = "<group>"; };
		C9E116351ACDD52800F8024C /* Class2ArcExamples.app */ = {isa = PBXFileReference; explicitFileType = wrapper.application; includeInIndex = 0; path = Class2ArcExamples.app; sourceTree = BUILT_PRODUCTS_DIR; };
		C9E116391ACDD52800F8024C /* Info.plist */ = {isa = PBXFileReference; lastKnownFileType = text.plist.xml; path = Info.plist; sourceTree = "<group>"; };
		C9E1163A1ACDD52800F8024C /* AppDelegate.swift */ = {isa = PBXFileReference; lastKnownFileType = sourcecode.swift; path = AppDelegate.swift; sourceTree = "<group>"; };
		C9E1163C1ACDD52800F8024C /* ViewController.swift */ = {isa = PBXFileReference; lastKnownFileType = sourcecode.swift; path = ViewController.swift; sourceTree = "<group>"; };
		C9E1163F1ACDD52800F8024C /* Base */ = {isa = PBXFileReference; lastKnownFileType = file.storyboard; name = Base; path = Base.lproj/Main.storyboard; sourceTree = "<group>"; };
		C9E116411ACDD52800F8024C /* Images.xcassets */ = {isa = PBXFileReference; lastKnownFileType = folder.assetcatalog; path = Images.xcassets; sourceTree = "<group>"; };
		C9E116441ACDD52800F8024C /* Base */ = {isa = PBXFileReference; lastKnownFileType = file.xib; name = Base; path = Base.lproj/LaunchScreen.xib; sourceTree = "<group>"; };
		C9E1164A1ACDD52800F8024C /* Class2ArcExamplesTests.xctest */ = {isa = PBXFileReference; explicitFileType = wrapper.cfbundle; includeInIndex = 0; path = Class2ArcExamplesTests.xctest; sourceTree = BUILT_PRODUCTS_DIR; };
		C9E1164F1ACDD52800F8024C /* Info.plist */ = {isa = PBXFileReference; lastKnownFileType = text.plist.xml; path = Info.plist; sourceTree = "<group>"; };
		C9E116501ACDD52800F8024C /* Class2ArcExamplesTests.swift */ = {isa = PBXFileReference; lastKnownFileType = sourcecode.swift; path = Class2ArcExamplesTests.swift; sourceTree = "<group>"; };
		C9E1165C1ACDE3AD00F8024C /* PersonWithStrongRef.swift */ = {isa = PBXFileReference; fileEncoding = 4; lastKnownFileType = sourcecode.swift; path = PersonWithStrongRef.swift; sourceTree = "<group>"; };
		C9E1165E1ACDE3BE00F8024C /* ApartmentWithStrongRef.swift */ = {isa = PBXFileReference; fileEncoding = 4; lastKnownFileType = sourcecode.swift; path = ApartmentWithStrongRef.swift; sourceTree = "<group>"; };
		C9E116621ACDE9D200F8024C /* UnowedCreditCard.swift */ = {isa = PBXFileReference; fileEncoding = 4; lastKnownFileType = sourcecode.swift; path = UnowedCreditCard.swift; sourceTree = "<group>"; };
/* End PBXFileReference section */

/* Begin PBXFrameworksBuildPhase section */
		C9E116321ACDD52800F8024C /* Frameworks */ = {
			isa = PBXFrameworksBuildPhase;
			buildActionMask = 2147483647;
			files = (
			);
			runOnlyForDeploymentPostprocessing = 0;
		};
		C9E116471ACDD52800F8024C /* Frameworks */ = {
			isa = PBXFrameworksBuildPhase;
			buildActionMask = 2147483647;
			files = (
			);
			runOnlyForDeploymentPostprocessing = 0;
		};
/* End PBXFrameworksBuildPhase section */

/* Begin PBXGroup section */
		C9D8DC891ACECF3500A448F6 /* 1 Strong Reference Cycle */ = {
			isa = PBXGroup;
			children = (
				C9E1165C1ACDE3AD00F8024C /* PersonWithStrongRef.swift */,
				C9E1165E1ACDE3BE00F8024C /* ApartmentWithStrongRef.swift */,
			);
			name = "1 Strong Reference Cycle";
			sourceTree = "<group>";
		};
		C9D8DC8A1ACECF4500A448F6 /* 2 Weak */ = {
			isa = PBXGroup;
			children = (
				C9D8DC961ACED9BE00A448F6 /* ApartmentWithWeakRef.swift */,
			);
			name = "2 Weak";
			sourceTree = "<group>";
		};
		C9D8DC8B1ACECF4D00A448F6 /* 3 Unowned */ = {
			isa = PBXGroup;
			children = (
				C9E116621ACDE9D200F8024C /* UnowedCreditCard.swift */,
			);
			name = "3 Unowned";
			sourceTree = "<group>";
		};
		C9D8DC8C1ACECF5800A448F6 /* 4 Fourth */ = {
			isa = PBXGroup;
			children = (
			);
			name = "4 Fourth";
			sourceTree = "<group>";
		};
		C9D8DC8D1ACECF6300A448F6 /* 5 Capture List */ = {
			isa = PBXGroup;
			children = (
			);
			name = "5 Capture List";
			sourceTree = "<group>";
		};
		C9E1162C1ACDD52800F8024C = {
			isa = PBXGroup;
			children = (
				C9E116371ACDD52800F8024C /* Class2ArcExamples */,
				C9E1164D1ACDD52800F8024C /* Class2ArcExamplesTests */,
				C9E116361ACDD52800F8024C /* Products */,
			);
			sourceTree = "<group>";
		};
		C9E116361ACDD52800F8024C /* Products */ = {
			isa = PBXGroup;
			children = (
				C9E116351ACDD52800F8024C /* Class2ArcExamples.app */,
				C9E1164A1ACDD52800F8024C /* Class2ArcExamplesTests.xctest */,
			);
			name = Products;
			sourceTree = "<group>";
		};
		C9E116371ACDD52800F8024C /* Class2ArcExamples */ = {
			isa = PBXGroup;
			children = (
				C9D8DC9A1AD031DF00A448F6 /* Thing.swift */,
				C9D8DC8D1ACECF6300A448F6 /* 5 Capture List */,
				C9D8DC8C1ACECF5800A448F6 /* 4 Fourth */,
				C9D8DC8B1ACECF4D00A448F6 /* 3 Unowned */,
				C9D8DC8A1ACECF4500A448F6 /* 2 Weak */,
				C9D8DC891ACECF3500A448F6 /* 1 Strong Reference Cycle */,
				C9E1163A1ACDD52800F8024C /* AppDelegate.swift */,
				C9E1163C1ACDD52800F8024C /* ViewController.swift */,
				C9E1163E1ACDD52800F8024C /* Main.storyboard */,
				C9E116411ACDD52800F8024C /* Images.xcassets */,
				C9E116431ACDD52800F8024C /* LaunchScreen.xib */,
				C9E116381ACDD52800F8024C /* Supporting Files */,
				C9D8DC981AD02C8800A448F6 /* ARCExamples.swift */,
			);
			path = Class2ArcExamples;
			sourceTree = "<group>";
		};
		C9E116381ACDD52800F8024C /* Supporting Files */ = {
			isa = PBXGroup;
			children = (
				C9E116391ACDD52800F8024C /* Info.plist */,
			);
			name = "Supporting Files";
			sourceTree = "<group>";
		};
		C9E1164D1ACDD52800F8024C /* Class2ArcExamplesTests */ = {
			isa = PBXGroup;
			children = (
				C9E116501ACDD52800F8024C /* Class2ArcExamplesTests.swift */,
				C9E1164E1ACDD52800F8024C /* Supporting Files */,
			);
			path = Class2ArcExamplesTests;
			sourceTree = "<group>";
		};
		C9E1164E1ACDD52800F8024C /* Supporting Files */ = {
			isa = PBXGroup;
			children = (
				C9E1164F1ACDD52800F8024C /* Info.plist */,
			);
			name = "Supporting Files";
			sourceTree = "<group>";
		};
/* End PBXGroup section */

/* Begin PBXNativeTarget section */
		C9E116341ACDD52800F8024C /* Class2ArcExamples */ = {
			isa = PBXNativeTarget;
			buildConfigurationList = C9E116541ACDD52800F8024C /* Build configuration list for PBXNativeTarget "Class2ArcExamples" */;
			buildPhases = (
				C9E116311ACDD52800F8024C /* Sources */,
				C9E116321ACDD52800F8024C /* Frameworks */,
				C9E116331ACDD52800F8024C /* Resources */,
			);
			buildRules = (
			);
			dependencies = (
			);
			name = Class2ArcExamples;
			productName = Class2ArcExamples;
			productReference = C9E116351ACDD52800F8024C /* Class2ArcExamples.app */;
			productType = "com.apple.product-type.application";
		};
		C9E116491ACDD52800F8024C /* Class2ArcExamplesTests */ = {
			isa = PBXNativeTarget;
			buildConfigurationList = C9E116571ACDD52800F8024C /* Build configuration list for PBXNativeTarget "Class2ArcExamplesTests" */;
			buildPhases = (
				C9E116461ACDD52800F8024C /* Sources */,
				C9E116471ACDD52800F8024C /* Frameworks */,
				C9E116481ACDD52800F8024C /* Resources */,
			);
			buildRules = (
			);
			dependencies = (
				C9E1164C1ACDD52800F8024C /* PBXTargetDependency */,
			);
			name = Class2ArcExamplesTests;
			productName = Class2ArcExamplesTests;
			productReference = C9E1164A1ACDD52800F8024C /* Class2ArcExamplesTests.xctest */;
			productType = "com.apple.product-type.bundle.unit-test";
		};
/* End PBXNativeTarget section */

/* Begin PBXProject section */
		C9E1162D1ACDD52800F8024C /* Project object */ = {
			isa = PBXProject;
			attributes = {
				LastUpgradeCheck = 0630;
				ORGANIZATIONNAME = "Michael Prenez-Isbell";
				TargetAttributes = {
					C9E116341ACDD52800F8024C = {
						CreatedOnToolsVersion = 6.3;
					};
					C9E116491ACDD52800F8024C = {
						CreatedOnToolsVersion = 6.3;
						TestTargetID = C9E116341ACDD52800F8024C;
					};
				};
			};
			buildConfigurationList = C9E116301ACDD52800F8024C /* Build configuration list for PBXProject "Class2ArcExamples" */;
			compatibilityVersion = "Xcode 3.2";
			developmentRegion = English;
			hasScannedForEncodings = 0;
			knownRegions = (
				en,
				Base,
			);
			mainGroup = C9E1162C1ACDD52800F8024C;
			productRefGroup = C9E116361ACDD52800F8024C /* Products */;
			projectDirPath = "";
			projectRoot = "";
			targets = (
				C9E116341ACDD52800F8024C /* Class2ArcExamples */,
				C9E116491ACDD52800F8024C /* Class2ArcExamplesTests */,
			);
		};
/* End PBXProject section */

/* Begin PBXResourcesBuildPhase section */
		C9E116331ACDD52800F8024C /* Resources */ = {
			isa = PBXResourcesBuildPhase;
			buildActionMask = 2147483647;
			files = (
				C9E116401ACDD52800F8024C /* Main.storyboard in Resources */,
				C9E116451ACDD52800F8024C /* LaunchScreen.xib in Resources */,
				C9E116421ACDD52800F8024C /* Images.xcassets in Resources */,
			);
			runOnlyForDeploymentPostprocessing = 0;
		};
		C9E116481ACDD52800F8024C /* Resources */ = {
			isa = PBXResourcesBuildPhase;
			buildActionMask = 2147483647;
			files = (
			);
			runOnlyForDeploymentPostprocessing = 0;
		};
/* End PBXResourcesBuildPhase section */

/* Begin PBXSourcesBuildPhase section */
		C9E116311ACDD52800F8024C /* Sources */ = {
			isa = PBXSourcesBuildPhase;
			buildActionMask = 2147483647;
			files = (
				C9E116631ACDE9D200F8024C /* UnowedCreditCard.swift in Sources */,
				C9D8DC971ACED9BE00A448F6 /* ApartmentWithWeakRef.swift in Sources */,
				C9E1163D1ACDD52800F8024C /* ViewController.swift in Sources */,
				C9E1165F1ACDE3BE00F8024C /* ApartmentWithStrongRef.swift in Sources */,
				C9D8DC9B1AD031DF00A448F6 /* Thing.swift in Sources */,
				C9D8DC991AD02C8800A448F6 /* ARCExamples.swift in Sources */,
				C9E1165D1ACDE3AD00F8024C /* PersonWithStrongRef.swift in Sources */,
				C9E1163B1ACDD52800F8024C /* AppDelegate.swift in Sources */,
			);
			runOnlyForDeploymentPostprocessing = 0;
		};
		C9E116461ACDD52800F8024C /* Sources */ = {
			isa = PBXSourcesBuildPhase;
			buildActionMask = 2147483647;
			files = (
				C9E116511ACDD52800F8024C /* Class2ArcExamplesTests.swift in Sources */,
			);
			runOnlyForDeploymentPostprocessing = 0;
		};
/* End PBXSourcesBuildPhase section */

/* Begin PBXTargetDependency section */
		C9E1164C1ACDD52800F8024C /* PBXTargetDependency */ = {
			isa = PBXTargetDependency;
			target = C9E116341ACDD52800F8024C /* Class2ArcExamples */;
			targetProxy = C9E1164B1ACDD52800F8024C /* PBXContainerItemProxy */;
		};
/* End PBXTargetDependency section */

/* Begin PBXVariantGroup section */
		C9E1163E1ACDD52800F8024C /* Main.storyboard */ = {
			isa = PBXVariantGroup;
			children = (
				C9E1163F1ACDD52800F8024C /* Base */,
			);
			name = Main.storyboard;
			sourceTree = "<group>";
		};
		C9E116431ACDD52800F8024C /* LaunchScreen.xib */ = {
			isa = PBXVariantGroup;
			children = (
				C9E116441ACDD52800F8024C /* Base */,
			);
			name = LaunchScreen.xib;
			sourceTree = "<group>";
		};
/* End PBXVariantGroup section */

/* Begin XCBuildConfiguration section */
		C9E116521ACDD52800F8024C /* Debug */ = {
			isa = XCBuildConfiguration;
			buildSettings = {
				ALWAYS_SEARCH_USER_PATHS = NO;
				CLANG_CXX_LANGUAGE_STANDARD = "gnu++0x";
				CLANG_CXX_LIBRARY = "libc++";
				CLANG_ENABLE_MODULES = YES;
				CLANG_ENABLE_OBJC_ARC = YES;
				CLANG_WARN_BOOL_CONVERSION = YES;
				CLANG_WARN_CONSTANT_CONVERSION = YES;
				CLANG_WARN_DIRECT_OBJC_ISA_USAGE = YES_ERROR;
				CLANG_WARN_EMPTY_BODY = YES;
				CLANG_WARN_ENUM_CONVERSION = YES;
				CLANG_WARN_INT_CONVERSION = YES;
				CLANG_WARN_OBJC_ROOT_CLASS = YES_ERROR;
				CLANG_WARN_UNREACHABLE_CODE = YES;
				CLANG_WARN__DUPLICATE_METHOD_MATCH = YES;
				"CODE_SIGN_IDENTITY[sdk=iphoneos*]" = "iPhone Developer";
				COPY_PHASE_STRIP = NO;
				DEBUG_INFORMATION_FORMAT = "dwarf-with-dsym";
				ENABLE_STRICT_OBJC_MSGSEND = YES;
				GCC_C_LANGUAGE_STANDARD = gnu99;
				GCC_DYNAMIC_NO_PIC = NO;
				GCC_NO_COMMON_BLOCKS = YES;
				GCC_OPTIMIZATION_LEVEL = 0;
				GCC_PREPROCESSOR_DEFINITIONS = (
					"DEBUG=1",
					"$(inherited)",
				);
				GCC_SYMBOLS_PRIVATE_EXTERN = NO;
				GCC_WARN_64_TO_32_BIT_CONVERSION = YES;
				GCC_WARN_ABOUT_RETURN_TYPE = YES_ERROR;
				GCC_WARN_UNDECLARED_SELECTOR = YES;
				GCC_WARN_UNINITIALIZED_AUTOS = YES_AGGRESSIVE;
				GCC_WARN_UNUSED_FUNCTION = YES;
				GCC_WARN_UNUSED_VARIABLE = YES;
				IPHONEOS_DEPLOYMENT_TARGET = 8.3;
				MTL_ENABLE_DEBUG_INFO = YES;
				ONLY_ACTIVE_ARCH = YES;
				SDKROOT = iphoneos;
				SWIFT_OPTIMIZATION_LEVEL = "-Onone";
			};
			name = Debug;
		};
		C9E116531ACDD52800F8024C /* Release */ = {
			isa = XCBuildConfiguration;
			buildSettings = {
				ALWAYS_SEARCH_USER_PATHS = NO;
				CLANG_CXX_LANGUAGE_STANDARD = "gnu++0x";
				CLANG_CXX_LIBRARY = "libc++";
				CLANG_ENABLE_MODULES = YES;
				CLANG_ENABLE_OBJC_ARC = YES;
				CLANG_WARN_BOOL_CONVERSION = YES;
				CLANG_WARN_CONSTANT_CONVERSION = YES;
				CLANG_WARN_DIRECT_OBJC_ISA_USAGE = YES_ERROR;
				CLANG_WARN_EMPTY_BODY = YES;
				CLANG_WARN_ENUM_CONVERSION = YES;
				CLANG_WARN_INT_CONVERSION = YES;
				CLANG_WARN_OBJC_ROOT_CLASS = YES_ERROR;
				CLANG_WARN_UNREACHABLE_CODE = YES;
				CLANG_WARN__DUPLICATE_METHOD_MATCH = YES;
				"CODE_SIGN_IDENTITY[sdk=iphoneos*]" = "iPhone Developer";
				COPY_PHASE_STRIP = NO;
				DEBUG_INFORMATION_FORMAT = "dwarf-with-dsym";
				ENABLE_NS_ASSERTIONS = NO;
				ENABLE_STRICT_OBJC_MSGSEND = YES;
				GCC_C_LANGUAGE_STANDARD = gnu99;
				GCC_NO_COMMON_BLOCKS = YES;
				GCC_WARN_64_TO_32_BIT_CONVERSION = YES;
				GCC_WARN_ABOUT_RETURN_TYPE = YES_ERROR;
				GCC_WARN_UNDECLARED_SELECTOR = YES;
				GCC_WARN_UNINITIALIZED_AUTOS = YES_AGGRESSIVE;
				GCC_WARN_UNUSED_FUNCTION = YES;
				GCC_WARN_UNUSED_VARIABLE = YES;
				IPHONEOS_DEPLOYMENT_TARGET = 8.3;
				MTL_ENABLE_DEBUG_INFO = NO;
				SDKROOT = iphoneos;
				VALIDATE_PRODUCT = YES;
			};
			name = Release;
		};
		C9E116551ACDD52800F8024C /* Debug */ = {
			isa = XCBuildConfiguration;
			buildSettings = {
				ASSETCATALOG_COMPILER_APPICON_NAME = AppIcon;
				INFOPLIST_FILE = Class2ArcExamples/Info.plist;
				LD_RUNPATH_SEARCH_PATHS = "$(inherited) @executable_path/Frameworks";
				PRODUCT_NAME = "$(TARGET_NAME)";
			};
			name = Debug;
		};
		C9E116561ACDD52800F8024C /* Release */ = {
			isa = XCBuildConfiguration;
			buildSettings = {
				ASSETCATALOG_COMPILER_APPICON_NAME = AppIcon;
				INFOPLIST_FILE = Class2ArcExamples/Info.plist;
				LD_RUNPATH_SEARCH_PATHS = "$(inherited) @executable_path/Frameworks";
				PRODUCT_NAME = "$(TARGET_NAME)";
			};
			name = Release;
		};
		C9E116581ACDD52800F8024C /* Debug */ = {
			isa = XCBuildConfiguration;
			buildSettings = {
				BUNDLE_LOADER = "$(TEST_HOST)";
				FRAMEWORK_SEARCH_PATHS = (
					"$(SDKROOT)/Developer/Library/Frameworks",
					"$(inherited)",
				);
				GCC_PREPROCESSOR_DEFINITIONS = (
					"DEBUG=1",
					"$(inherited)",
				);
				INFOPLIST_FILE = Class2ArcExamplesTests/Info.plist;
				LD_RUNPATH_SEARCH_PATHS = "$(inherited) @executable_path/Frameworks @loader_path/Frameworks";
				PRODUCT_NAME = "$(TARGET_NAME)";
				TEST_HOST = "$(BUILT_PRODUCTS_DIR)/Class2ArcExamples.app/Class2ArcExamples";
			};
			name = Debug;
		};
		C9E116591ACDD52800F8024C /* Release */ = {
			isa = XCBuildConfiguration;
			buildSettings = {
				BUNDLE_LOADER = "$(TEST_HOST)";
				FRAMEWORK_SEARCH_PATHS = (
					"$(SDKROOT)/Developer/Library/Frameworks",
					"$(inherited)",
				);
				INFOPLIST_FILE = Class2ArcExamplesTests/Info.plist;
				LD_RUNPATH_SEARCH_PATHS = "$(inherited) @executable_path/Frameworks @loader_path/Frameworks";
				PRODUCT_NAME = "$(TARGET_NAME)";
				TEST_HOST = "$(BUILT_PRODUCTS_DIR)/Class2ArcExamples.app/Class2ArcExamples";
			};
			name = Release;
		};
/* End XCBuildConfiguration section */

/* Begin XCConfigurationList section */
		C9E116301ACDD52800F8024C /* Build configuration list for PBXProject "Class2ArcExamples" */ = {
			isa = XCConfigurationList;
			buildConfigurations = (
				C9E116521ACDD52800F8024C /* Debug */,
				C9E116531ACDD52800F8024C /* Release */,
			);
			defaultConfigurationIsVisible = 0;
			defaultConfigurationName = Release;
		};
		C9E116541ACDD52800F8024C /* Build configuration list for PBXNativeTarget "Class2ArcExamples" */ = {
			isa = XCConfigurationList;
			buildConfigurations = (
				C9E116551ACDD52800F8024C /* Debug */,
				C9E116561ACDD52800F8024C /* Release */,
			);
			defaultConfigurationIsVisible = 0;
			defaultConfigurationName = Release;
		};
		C9E116571ACDD52800F8024C /* Build configuration list for PBXNativeTarget "Class2ArcExamplesTests" */ = {
			isa = XCConfigurationList;
			buildConfigurations = (
				C9E116581ACDD52800F8024C /* Debug */,
				C9E116591ACDD52800F8024C /* Release */,
			);
			defaultConfigurationIsVisible = 0;
			defaultConfigurationName = Release;
		};
/* End XCConfigurationList section */
	};
	rootObject = C9E1162D1ACDD52800F8024C /* Project object */;
}
